
Microsoft Visual Studio Solution File, Format Version 12.00
# Visual Studio Version 16
VisualStudioVersion = 16.0.30804.86
MinimumVisualStudioVersion = 10.0.40219.1
Project("{9A19103F-16F7-4668-BE54-9A1E7A4F7556}") = "FlowR.Sample", "FlowR.Sample\FlowR.Sample.csproj", "{698B3D24-8928-49EC-A5F3-99D8016DF397}"
EndProject
Project("{9A19103F-16F7-4668-BE54-9A1E7A4F7556}") = "FlowR.UI", "FlowR.UI\FlowR.UI.csproj", "{495CED1D-BE95-4FC1-8A02-8FC0B355D2FE}"
EndProject
Project("{9A19103F-16F7-4668-BE54-9A1E7A4F7556}") = "FlowR.Tests", "FlowR.Tests\FlowR.Tests.csproj", "{66484D76-A699-45F2-B21D-ED961FBA0912}"
EndProject
Project("{FAE04EC0-301F-11D3-BF4B-00C04F79EFBC}") = "FlowR.DocFx", "FlowR.DocFx\FlowR.DocFx.csproj", "{DB6F5630-014C-49C4-A184-2F7897DF4E6A}"
EndProject
Project("{FAE04EC0-301F-11D3-BF4B-00C04F79EFBC}") = "FlowR.Core", "FlowR.Core\FlowR.Core.csproj", "{C8282C9A-317E-4342-8936-894437E264A2}"
EndProject
Global
	GlobalSection(SolutionConfigurationPlatforms) = preSolution
		Debug|Any CPU = Debug|Any CPU
		Release|Any CPU = Release|Any CPU
	EndGlobalSection
	GlobalSection(ProjectConfigurationPlatforms) = postSolution
		{698B3D24-8928-49EC-A5F3-99D8016DF397}.Debug|Any CPU.ActiveCfg = Debug|Any CPU
		{698B3D24-8928-49EC-A5F3-99D8016DF397}.Debug|Any CPU.Build.0 = Debug|Any CPU
		{698B3D24-8928-49EC-A5F3-99D8016DF397}.Release|Any CPU.ActiveCfg = Release|Any CPU
		{698B3D24-8928-49EC-A5F3-99D8016DF397}.Release|Any CPU.Build.0 = Release|Any CPU
		{495CED1D-BE95-4FC1-8A02-8FC0B355D2FE}.Debug|Any CPU.ActiveCfg = Debug|Any CPU
		{495CED1D-BE95-4FC1-8A02-8FC0B355D2FE}.Debug|Any CPU.Build.0 = Debug|Any CPU
		{495CED1D-BE95-4FC1-8A02-8FC0B355D2FE}.Release|Any CPU.ActiveCfg = Release|Any CPU
		{495CED1D-BE95-4FC1-8A02-8FC0B355D2FE}.Release|Any CPU.Build.0 = Release|Any CPU
		{66484D76-A699-45F2-B21D-ED961FBA0912}.Debug|Any CPU.ActiveCfg = Debug|Any CPU
		{66484D76-A699-45F2-B21D-ED961FBA0912}.Debug|Any CPU.Build.0 = Debug|Any CPU
		{66484D76-A699-45F2-B21D-ED961FBA0912}.Release|Any CPU.ActiveCfg = Release|Any CPU
		{66484D76-A699-45F2-B21D-ED961FBA0912}.Release|Any CPU.Build.0 = Release|Any CPU
		{DB6F5630-014C-49C4-A184-2F7897DF4E6A}.Debug|Any CPU.ActiveCfg = Debug|Any CPU
		{DB6F5630-014C-49C4-A184-2F7897DF4E6A}.Release|Any CPU.ActiveCfg = Release|Any CPU
		{DB6F5630-014C-49C4-A184-2F7897DF4E6A}.Release|Any CPU.Build.0 = Release|Any CPU
		{C8282C9A-317E-4342-8936-894437E264A2}.Debug|Any CPU.ActiveCfg = Debug|Any CPU
		{C8282C9A-317E-4342-8936-894437E264A2}.Debug|Any CPU.Build.0 = Debug|Any CPU
		{C8282C9A-317E-4342-8936-894437E264A2}.Release|Any CPU.ActiveCfg = Release|Any CPU
		{C8282C9A-317E-4342-8936-894437E264A2}.Release|Any CPU.Build.0 = Release|Any CPU
	EndGlobalSection
	GlobalSection(SolutionProperties) = preSolution
		HideSolutionNode = FALSE
	EndGlobalSection
	GlobalSection(ExtensibilityGlobals) = postSolution
		SolutionGuid = {9095075B-5803-4D0C-A48F-F34C54B7EB3B}
	EndGlobalSection
EndGlobal
