
Microsoft Visual Studio Solution File, Format Version 12.00
# Visual Studio Version 16
VisualStudioVersion = 16.0.30804.86
MinimumVisualStudioVersion = 10.0.40219.1
Project("{FAE04EC0-301F-11D3-BF4B-00C04F79EFBC}") = "FlowR", "FlowR\FlowR.csproj", "{698B3D24-8928-49EC-A5F3-99D8016DF397}"
EndProject
Project("{FAE04EC0-301F-11D3-BF4B-00C04F79EFBC}") = "FlowR.Library", "FlowR.Library\FlowR.Library.csproj", "{8A3AB81B-928E-4BFC-9517-20AD4ED859F6}"
EndProject
Project("{FAE04EC0-301F-11D3-BF4B-00C04F79EFBC}") = "FlowR.Tests", "FlowR.Tests\FlowR.Tests.csproj", "{40D7C5AD-3712-4169-B799-36AADECEA460}"
EndProject
Project("{FAE04EC0-301F-11D3-BF4B-00C04F79EFBC}") = "FlowR.Sample", "FlowR.Sample\FlowR.Sample.csproj", "{8DB81BF3-1702-486E-AAB7-A39515723BCD}"
EndProject
Global
	GlobalSection(SolutionConfigurationPlatforms) = preSolution
		Debug|Any CPU = Debug|Any CPU
		Release|Any CPU = Release|Any CPU
	EndGlobalSection
	GlobalSection(ProjectConfigurationPlatforms) = postSolution
		{698B3D24-8928-49EC-A5F3-99D8016DF397}.Debug|Any CPU.ActiveCfg = Debug|Any CPU
		{698B3D24-8928-49EC-A5F3-99D8016DF397}.Debug|Any CPU.Build.0 = Debug|Any CPU
		{698B3D24-8928-49EC-A5F3-99D8016DF397}.Release|Any CPU.ActiveCfg = Release|Any CPU
		{698B3D24-8928-49EC-A5F3-99D8016DF397}.Release|Any CPU.Build.0 = Release|Any CPU
		{8A3AB81B-928E-4BFC-9517-20AD4ED859F6}.Debug|Any CPU.ActiveCfg = Debug|Any CPU
		{8A3AB81B-928E-4BFC-9517-20AD4ED859F6}.Debug|Any CPU.Build.0 = Debug|Any CPU
		{8A3AB81B-928E-4BFC-9517-20AD4ED859F6}.Release|Any CPU.ActiveCfg = Release|Any CPU
		{8A3AB81B-928E-4BFC-9517-20AD4ED859F6}.Release|Any CPU.Build.0 = Release|Any CPU
		{40D7C5AD-3712-4169-B799-36AADECEA460}.Debug|Any CPU.ActiveCfg = Debug|Any CPU
		{40D7C5AD-3712-4169-B799-36AADECEA460}.Debug|Any CPU.Build.0 = Debug|Any CPU
		{40D7C5AD-3712-4169-B799-36AADECEA460}.Release|Any CPU.ActiveCfg = Release|Any CPU
		{40D7C5AD-3712-4169-B799-36AADECEA460}.Release|Any CPU.Build.0 = Release|Any CPU
		{8DB81BF3-1702-486E-AAB7-A39515723BCD}.Debug|Any CPU.ActiveCfg = Debug|Any CPU
		{8DB81BF3-1702-486E-AAB7-A39515723BCD}.Debug|Any CPU.Build.0 = Debug|Any CPU
		{8DB81BF3-1702-486E-AAB7-A39515723BCD}.Release|Any CPU.ActiveCfg = Release|Any CPU
		{8DB81BF3-1702-486E-AAB7-A39515723BCD}.Release|Any CPU.Build.0 = Release|Any CPU
	EndGlobalSection
	GlobalSection(SolutionProperties) = preSolution
		HideSolutionNode = FALSE
	EndGlobalSection
	GlobalSection(ExtensibilityGlobals) = postSolution
		SolutionGuid = {9095075B-5803-4D0C-A48F-F34C54B7EB3B}
	EndGlobalSection
EndGlobal
